
Microsoft Visual Studio Solution File, Format Version 12.00
# Visual Studio Version 16
VisualStudioVersion = 16.0.31829.152
MinimumVisualStudioVersion = 10.0.40219.1
Project("{FAE04EC0-301F-11D3-BF4B-00C04F79EFBC}") = "WF", "WF\WF.csproj", "{46D83D9C-F9BC-4DBC-9633-E66C6A42AFF0}"
EndProject
Global
	GlobalSection(SolutionConfigurationPlatforms) = preSolution
		Debug|Any CPU = Debug|Any CPU
		Release|Any CPU = Release|Any CPU
	EndGlobalSection
	GlobalSection(ProjectConfigurationPlatforms) = postSolution
		{46D83D9C-F9BC-4DBC-9633-E66C6A42AFF0}.Debug|Any CPU.ActiveCfg = Debug|Any CPU
		{46D83D9C-F9BC-4DBC-9633-E66C6A42AFF0}.Debug|Any CPU.Build.0 = Debug|Any CPU
		{46D83D9C-F9BC-4DBC-9633-E66C6A42AFF0}.Release|Any CPU.ActiveCfg = Release|Any CPU
		{46D83D9C-F9BC-4DBC-9633-E66C6A42AFF0}.Release|Any CPU.Build.0 = Release|Any CPU
	EndGlobalSection
	GlobalSection(SolutionProperties) = preSolution
		HideSolutionNode = FALSE
	EndGlobalSection
	GlobalSection(ExtensibilityGlobals) = postSolution
		SolutionGuid = {8FFC57A1-3442-4F94-8B52-954A06BBFB5F}
	EndGlobalSection
EndGlobal
